
Microsoft Visual Studio Solution File, Format Version 12.00
# Visual Studio Version 16
VisualStudioVersion = 16.0.31129.286
MinimumVisualStudioVersion = 10.0.40219.1
Project("{FAE04EC0-301F-11D3-BF4B-00C04F79EFBC}") = "MvcMovie", "MvcMovie\MvcMovie.csproj", "{50DE862D-8501-40B4-BD4E-023C982BF23B}"
EndProject
Global
	GlobalSection(SolutionConfigurationPlatforms) = preSolution
		Debug|Any CPU = Debug|Any CPU
		Release|Any CPU = Release|Any CPU
	EndGlobalSection
	GlobalSection(ProjectConfigurationPlatforms) = postSolution
		{50DE862D-8501-40B4-BD4E-023C982BF23B}.Debug|Any CPU.ActiveCfg = Debug|Any CPU
		{50DE862D-8501-40B4-BD4E-023C982BF23B}.Debug|Any CPU.Build.0 = Debug|Any CPU
		{50DE862D-8501-40B4-BD4E-023C982BF23B}.Release|Any CPU.ActiveCfg = Release|Any CPU
		{50DE862D-8501-40B4-BD4E-023C982BF23B}.Release|Any CPU.Build.0 = Release|Any CPU
	EndGlobalSection
	GlobalSection(SolutionProperties) = preSolution
		HideSolutionNode = FALSE
	EndGlobalSection
	GlobalSection(ExtensibilityGlobals) = postSolution
		SolutionGuid = {AFC42260-8491-4053-8281-67DDB5EF9985}
	EndGlobalSection
EndGlobal
